
Microsoft Visual Studio Solution File, Format Version 12.00
# Visual Studio Version 17
VisualStudioVersion = 17.7.34024.191
MinimumVisualStudioVersion = 10.0.40219.1
Project("{FAE04EC0-301F-11D3-BF4B-00C04F79EFBC}") = "Kalkulator", "Kalkulator\Kalkulator.csproj", "{9546AEAA-8B4A-401B-9EAB-87E5488D3188}"
EndProject
Global
	GlobalSection(SolutionConfigurationPlatforms) = preSolution
		Debug|Any CPU = Debug|Any CPU
		Release|Any CPU = Release|Any CPU
	EndGlobalSection
	GlobalSection(ProjectConfigurationPlatforms) = postSolution
		{9546AEAA-8B4A-401B-9EAB-87E5488D3188}.Debug|Any CPU.ActiveCfg = Debug|Any CPU
		{9546AEAA-8B4A-401B-9EAB-87E5488D3188}.Debug|Any CPU.Build.0 = Debug|Any CPU
		{9546AEAA-8B4A-401B-9EAB-87E5488D3188}.Release|Any CPU.ActiveCfg = Release|Any CPU
		{9546AEAA-8B4A-401B-9EAB-87E5488D3188}.Release|Any CPU.Build.0 = Release|Any CPU
	EndGlobalSection
	GlobalSection(SolutionProperties) = preSolution
		HideSolutionNode = FALSE
	EndGlobalSection
	GlobalSection(ExtensibilityGlobals) = postSolution
		SolutionGuid = {5F129FE1-D247-4B75-B741-BD661748E5FC}
	EndGlobalSection
EndGlobal
